
Microsoft Visual Studio Solution File, Format Version 12.00
# Visual Studio Version 17
VisualStudioVersion = 17.7.34031.279
MinimumVisualStudioVersion = 10.0.40219.1
Project("{8BC9CEB8-8B4A-11D0-8D11-00A0C91BC942}") = "TP_Refatorado", "TP_Refatorado.vcxproj", "{96D8A691-E2B2-487B-B849-13D8493638C4}"
EndProject
Global
	GlobalSection(SolutionConfigurationPlatforms) = preSolution
		Debug|x64 = Debug|x64
		Debug|x86 = Debug|x86
		Release|x64 = Release|x64
		Release|x86 = Release|x86
	EndGlobalSection
	GlobalSection(ProjectConfigurationPlatforms) = postSolution
		{96D8A691-E2B2-487B-B849-13D8493638C4}.Debug|x64.ActiveCfg = Debug|x64
		{96D8A691-E2B2-487B-B849-13D8493638C4}.Debug|x64.Build.0 = Debug|x64
		{96D8A691-E2B2-487B-B849-13D8493638C4}.Debug|x86.ActiveCfg = Debug|Win32
		{96D8A691-E2B2-487B-B849-13D8493638C4}.Debug|x86.Build.0 = Debug|Win32
		{96D8A691-E2B2-487B-B849-13D8493638C4}.Release|x64.ActiveCfg = Release|x64
		{96D8A691-E2B2-487B-B849-13D8493638C4}.Release|x64.Build.0 = Release|x64
		{96D8A691-E2B2-487B-B849-13D8493638C4}.Release|x86.ActiveCfg = Release|Win32
		{96D8A691-E2B2-487B-B849-13D8493638C4}.Release|x86.Build.0 = Release|Win32
	EndGlobalSection
	GlobalSection(SolutionProperties) = preSolution
		HideSolutionNode = FALSE
	EndGlobalSection
	GlobalSection(ExtensibilityGlobals) = postSolution
		SolutionGuid = {F7E5DEE9-CF1A-4C36-B146-07CD16DDE08A}
	EndGlobalSection
EndGlobal
